
Microsoft Visual Studio Solution File, Format Version 12.00
# Visual Studio Version 16
VisualStudioVersion = 16.0.30503.244
MinimumVisualStudioVersion = 10.0.40219.1
Project("{9A19103F-16F7-4668-BE54-9A1E7A4F7556}") = "Futilities.XmlExtensions", "Futilities.XmlExtensions\Futilities.XmlExtensions.csproj", "{0873385E-2420-4CBC-B97B-AF2E35143699}"
EndProject
Project("{9A19103F-16F7-4668-BE54-9A1E7A4F7556}") = "Futilities.StringConversion", "Futilities.StringConversion\Futilities.StringConversion.csproj", "{4AD6B46D-7703-49F8-ACB2-CF17A7EF2F95}"
EndProject
Project("{9A19103F-16F7-4668-BE54-9A1E7A4F7556}") = "Futilities.FileIO", "Futilities.FileIO\Futilities.FileIO.csproj", "{FE745CA9-7C0A-4FFF-9EE2-152660D7AB13}"
EndProject
Project("{9A19103F-16F7-4668-BE54-9A1E7A4F7556}") = "Futilities.Hash", "Futilities.Hash\Futilities.Hash.csproj", "{191C0876-C560-49DE-904F-F38A194E5CF9}"
EndProject
Project("{9A19103F-16F7-4668-BE54-9A1E7A4F7556}") = "Futilities.StringParsing", "Futilities.StringParsing\Futilities.StringParsing.csproj", "{69A56440-0CF5-4AAF-9880-D9F41ADC9BDE}"
EndProject
Project("{9A19103F-16F7-4668-BE54-9A1E7A4F7556}") = "Futilities.ListExtensions", "Futilities.ListExtensions\Futilities.ListExtensions.csproj", "{9E506A83-FC31-4196-859B-E07E76849CA4}"
EndProject
Project("{9A19103F-16F7-4668-BE54-9A1E7A4F7556}") = "Futilities.ObjectExtensions", "Futilities.ObjectExtensions\Futilities.ObjectExtensions.csproj", "{E79BF396-95DD-4A50-BFAC-513A9790A45A}"
EndProject
Project("{9A19103F-16F7-4668-BE54-9A1E7A4F7556}") = "Futilities.SequentialGuid", "Futilities.SequentialGuid\Futilities.SequentialGuid.csproj", "{EC5BFF99-91FF-4EDA-A9B9-992B38BBE027}"
EndProject
Project("{9A19103F-16F7-4668-BE54-9A1E7A4F7556}") = "Futiities.Outright", "Futiities.Outright\Futiities.Outright.csproj", "{DEA3DD9A-32EB-4DA8-A0E9-C7A126FA808A}"
EndProject
Project("{9A19103F-16F7-4668-BE54-9A1E7A4F7556}") = "Futilities.StringConversion.Tests", "Futilities.StringConversion.Tests\Futilities.StringConversion.Tests.csproj", "{305C3D40-75D4-4957-8FB1-43AE8BE2931F}"
EndProject
Project("{9A19103F-16F7-4668-BE54-9A1E7A4F7556}") = "Futilities.Temporal", "Futilities.Temporal\Futilities.Temporal.csproj", "{EB5343B5-503D-4267-A175-CDF00F394E17}"
EndProject
Project("{9A19103F-16F7-4668-BE54-9A1E7A4F7556}") = "Futilities.Enums", "Futilities.Enums\Futilities.Enums.csproj", "{5335CF7F-0FEA-43C1-996D-5B74DF4FB929}"
EndProject
Project("{FAE04EC0-301F-11D3-BF4B-00C04F79EFBC}") = "Futilities.Enums.Tests", "Futilities.Enums.Tests\Futilities.Enums.Tests.csproj", "{C336E192-9A29-42EE-8A3D-EFEB06DFC1C2}"
EndProject
Global
	GlobalSection(SolutionConfigurationPlatforms) = preSolution
		Debug|Any CPU = Debug|Any CPU
		Release|Any CPU = Release|Any CPU
	EndGlobalSection
	GlobalSection(ProjectConfigurationPlatforms) = postSolution
		{0873385E-2420-4CBC-B97B-AF2E35143699}.Debug|Any CPU.ActiveCfg = Debug|Any CPU
		{0873385E-2420-4CBC-B97B-AF2E35143699}.Debug|Any CPU.Build.0 = Debug|Any CPU
		{0873385E-2420-4CBC-B97B-AF2E35143699}.Release|Any CPU.ActiveCfg = Release|Any CPU
		{0873385E-2420-4CBC-B97B-AF2E35143699}.Release|Any CPU.Build.0 = Release|Any CPU
		{4AD6B46D-7703-49F8-ACB2-CF17A7EF2F95}.Debug|Any CPU.ActiveCfg = Debug|Any CPU
		{4AD6B46D-7703-49F8-ACB2-CF17A7EF2F95}.Debug|Any CPU.Build.0 = Debug|Any CPU
		{4AD6B46D-7703-49F8-ACB2-CF17A7EF2F95}.Release|Any CPU.ActiveCfg = Release|Any CPU
		{4AD6B46D-7703-49F8-ACB2-CF17A7EF2F95}.Release|Any CPU.Build.0 = Release|Any CPU
		{FE745CA9-7C0A-4FFF-9EE2-152660D7AB13}.Debug|Any CPU.ActiveCfg = Debug|Any CPU
		{FE745CA9-7C0A-4FFF-9EE2-152660D7AB13}.Debug|Any CPU.Build.0 = Debug|Any CPU
		{FE745CA9-7C0A-4FFF-9EE2-152660D7AB13}.Release|Any CPU.ActiveCfg = Release|Any CPU
		{FE745CA9-7C0A-4FFF-9EE2-152660D7AB13}.Release|Any CPU.Build.0 = Release|Any CPU
		{191C0876-C560-49DE-904F-F38A194E5CF9}.Debug|Any CPU.ActiveCfg = Debug|Any CPU
		{191C0876-C560-49DE-904F-F38A194E5CF9}.Debug|Any CPU.Build.0 = Debug|Any CPU
		{191C0876-C560-49DE-904F-F38A194E5CF9}.Release|Any CPU.ActiveCfg = Release|Any CPU
		{191C0876-C560-49DE-904F-F38A194E5CF9}.Release|Any CPU.Build.0 = Release|Any CPU
		{69A56440-0CF5-4AAF-9880-D9F41ADC9BDE}.Debug|Any CPU.ActiveCfg = Debug|Any CPU
		{69A56440-0CF5-4AAF-9880-D9F41ADC9BDE}.Debug|Any CPU.Build.0 = Debug|Any CPU
		{69A56440-0CF5-4AAF-9880-D9F41ADC9BDE}.Release|Any CPU.ActiveCfg = Release|Any CPU
		{69A56440-0CF5-4AAF-9880-D9F41ADC9BDE}.Release|Any CPU.Build.0 = Release|Any CPU
		{9E506A83-FC31-4196-859B-E07E76849CA4}.Debug|Any CPU.ActiveCfg = Debug|Any CPU
		{9E506A83-FC31-4196-859B-E07E76849CA4}.Debug|Any CPU.Build.0 = Debug|Any CPU
		{9E506A83-FC31-4196-859B-E07E76849CA4}.Release|Any CPU.ActiveCfg = Release|Any CPU
		{9E506A83-FC31-4196-859B-E07E76849CA4}.Release|Any CPU.Build.0 = Release|Any CPU
		{E79BF396-95DD-4A50-BFAC-513A9790A45A}.Debug|Any CPU.ActiveCfg = Debug|Any CPU
		{E79BF396-95DD-4A50-BFAC-513A9790A45A}.Debug|Any CPU.Build.0 = Debug|Any CPU
		{E79BF396-95DD-4A50-BFAC-513A9790A45A}.Release|Any CPU.ActiveCfg = Release|Any CPU
		{E79BF396-95DD-4A50-BFAC-513A9790A45A}.Release|Any CPU.Build.0 = Release|Any CPU
		{EC5BFF99-91FF-4EDA-A9B9-992B38BBE027}.Debug|Any CPU.ActiveCfg = Debug|Any CPU
		{EC5BFF99-91FF-4EDA-A9B9-992B38BBE027}.Debug|Any CPU.Build.0 = Debug|Any CPU
		{EC5BFF99-91FF-4EDA-A9B9-992B38BBE027}.Release|Any CPU.ActiveCfg = Release|Any CPU
		{EC5BFF99-91FF-4EDA-A9B9-992B38BBE027}.Release|Any CPU.Build.0 = Release|Any CPU
		{DEA3DD9A-32EB-4DA8-A0E9-C7A126FA808A}.Debug|Any CPU.ActiveCfg = Debug|Any CPU
		{DEA3DD9A-32EB-4DA8-A0E9-C7A126FA808A}.Debug|Any CPU.Build.0 = Debug|Any CPU
		{DEA3DD9A-32EB-4DA8-A0E9-C7A126FA808A}.Release|Any CPU.ActiveCfg = Release|Any CPU
		{DEA3DD9A-32EB-4DA8-A0E9-C7A126FA808A}.Release|Any CPU.Build.0 = Release|Any CPU
		{305C3D40-75D4-4957-8FB1-43AE8BE2931F}.Debug|Any CPU.ActiveCfg = Debug|Any CPU
		{305C3D40-75D4-4957-8FB1-43AE8BE2931F}.Debug|Any CPU.Build.0 = Debug|Any CPU
		{305C3D40-75D4-4957-8FB1-43AE8BE2931F}.Release|Any CPU.ActiveCfg = Release|Any CPU
		{305C3D40-75D4-4957-8FB1-43AE8BE2931F}.Release|Any CPU.Build.0 = Release|Any CPU
		{EB5343B5-503D-4267-A175-CDF00F394E17}.Debug|Any CPU.ActiveCfg = Debug|Any CPU
		{EB5343B5-503D-4267-A175-CDF00F394E17}.Debug|Any CPU.Build.0 = Debug|Any CPU
		{EB5343B5-503D-4267-A175-CDF00F394E17}.Release|Any CPU.ActiveCfg = Release|Any CPU
		{EB5343B5-503D-4267-A175-CDF00F394E17}.Release|Any CPU.Build.0 = Release|Any CPU
		{5335CF7F-0FEA-43C1-996D-5B74DF4FB929}.Debug|Any CPU.ActiveCfg = Debug|Any CPU
		{5335CF7F-0FEA-43C1-996D-5B74DF4FB929}.Debug|Any CPU.Build.0 = Debug|Any CPU
		{5335CF7F-0FEA-43C1-996D-5B74DF4FB929}.Release|Any CPU.ActiveCfg = Release|Any CPU
		{5335CF7F-0FEA-43C1-996D-5B74DF4FB929}.Release|Any CPU.Build.0 = Release|Any CPU
		{C336E192-9A29-42EE-8A3D-EFEB06DFC1C2}.Debug|Any CPU.ActiveCfg = Debug|Any CPU
		{C336E192-9A29-42EE-8A3D-EFEB06DFC1C2}.Debug|Any CPU.Build.0 = Debug|Any CPU
		{C336E192-9A29-42EE-8A3D-EFEB06DFC1C2}.Release|Any CPU.ActiveCfg = Release|Any CPU
		{C336E192-9A29-42EE-8A3D-EFEB06DFC1C2}.Release|Any CPU.Build.0 = Release|Any CPU
	EndGlobalSection
	GlobalSection(SolutionProperties) = preSolution
		HideSolutionNode = FALSE
	EndGlobalSection
	GlobalSection(ExtensibilityGlobals) = postSolution
		SolutionGuid = {C9C01096-A940-4DAD-9711-930AEA78A2E3}
	EndGlobalSection
EndGlobal
