
Microsoft Visual Studio Solution File, Format Version 12.00
# Visual Studio 15
VisualStudioVersion = 15.0.27004.2005
MinimumVisualStudioVersion = 10.0.40219.1
Project("{FAE04EC0-301F-11D3-BF4B-00C04F79EFBC}") = "Futilities", "Futilities\Futilities.csproj", "{3001BC20-44A1-48B1-96D7-7EB71F9A9AB4}"
EndProject
Global
	GlobalSection(SolutionConfigurationPlatforms) = preSolution
		Debug|Any CPU = Debug|Any CPU
		Release|Any CPU = Release|Any CPU
	EndGlobalSection
	GlobalSection(ProjectConfigurationPlatforms) = postSolution
		{3001BC20-44A1-48B1-96D7-7EB71F9A9AB4}.Debug|Any CPU.ActiveCfg = Debug|Any CPU
		{3001BC20-44A1-48B1-96D7-7EB71F9A9AB4}.Debug|Any CPU.Build.0 = Debug|Any CPU
		{3001BC20-44A1-48B1-96D7-7EB71F9A9AB4}.Release|Any CPU.ActiveCfg = Release|Any CPU
		{3001BC20-44A1-48B1-96D7-7EB71F9A9AB4}.Release|Any CPU.Build.0 = Release|Any CPU
	EndGlobalSection
	GlobalSection(SolutionProperties) = preSolution
		HideSolutionNode = FALSE
	EndGlobalSection
	GlobalSection(ExtensibilityGlobals) = postSolution
		SolutionGuid = {C9C01096-A940-4DAD-9711-930AEA78A2E3}
	EndGlobalSection
EndGlobal
