
Microsoft Visual Studio Solution File, Format Version 12.00
# Visual Studio 15
VisualStudioVersion = 15.0.27004.2005
MinimumVisualStudioVersion = 10.0.40219.1
Project("{9A19103F-16F7-4668-BE54-9A1E7A4F7556}") = "Futilities", "Futilities\Futilities.csproj", "{3001BC20-44A1-48B1-96D7-7EB71F9A9AB4}"
EndProject
Project("{9A19103F-16F7-4668-BE54-9A1E7A4F7556}") = "Futilities.XmlExtensions", "Futilities.XmlExtensions\Futilities.XmlExtensions.csproj", "{0873385E-2420-4CBC-B97B-AF2E35143699}"
EndProject
Project("{9A19103F-16F7-4668-BE54-9A1E7A4F7556}") = "Futilities.StringConversion", "Futilities.StringConversion\Futilities.StringConversion.csproj", "{4AD6B46D-7703-49F8-ACB2-CF17A7EF2F95}"
EndProject
Project("{9A19103F-16F7-4668-BE54-9A1E7A4F7556}") = "Futilities.FileIO", "Futilities.FileIO\Futilities.FileIO.csproj", "{FE745CA9-7C0A-4FFF-9EE2-152660D7AB13}"
EndProject
Project("{9A19103F-16F7-4668-BE54-9A1E7A4F7556}") = "Futilities.Hash", "Futilities.Hash\Futilities.Hash.csproj", "{191C0876-C560-49DE-904F-F38A194E5CF9}"
EndProject
Project("{9A19103F-16F7-4668-BE54-9A1E7A4F7556}") = "Futilities.StringParsing", "Futilities.StringParsing\Futilities.StringParsing.csproj", "{69A56440-0CF5-4AAF-9880-D9F41ADC9BDE}"
EndProject
Project("{FAE04EC0-301F-11D3-BF4B-00C04F79EFBC}") = "Futilities.ListExtensions", "Futilities.ListExtensions\Futilities.ListExtensions.csproj", "{9E506A83-FC31-4196-859B-E07E76849CA4}"
EndProject
Project("{FAE04EC0-301F-11D3-BF4B-00C04F79EFBC}") = "Futilities.ObjectExtensions", "Futilities.ObjectExtensions\Futilities.ObjectExtensions.csproj", "{E79BF396-95DD-4A50-BFAC-513A9790A45A}"
EndProject
Global
	GlobalSection(SolutionConfigurationPlatforms) = preSolution
		Debug|Any CPU = Debug|Any CPU
		Release|Any CPU = Release|Any CPU
	EndGlobalSection
	GlobalSection(ProjectConfigurationPlatforms) = postSolution
		{3001BC20-44A1-48B1-96D7-7EB71F9A9AB4}.Debug|Any CPU.ActiveCfg = Debug|Any CPU
		{3001BC20-44A1-48B1-96D7-7EB71F9A9AB4}.Debug|Any CPU.Build.0 = Debug|Any CPU
		{3001BC20-44A1-48B1-96D7-7EB71F9A9AB4}.Release|Any CPU.ActiveCfg = Release|Any CPU
		{3001BC20-44A1-48B1-96D7-7EB71F9A9AB4}.Release|Any CPU.Build.0 = Release|Any CPU
		{0873385E-2420-4CBC-B97B-AF2E35143699}.Debug|Any CPU.ActiveCfg = Debug|Any CPU
		{0873385E-2420-4CBC-B97B-AF2E35143699}.Debug|Any CPU.Build.0 = Debug|Any CPU
		{0873385E-2420-4CBC-B97B-AF2E35143699}.Release|Any CPU.ActiveCfg = Release|Any CPU
		{0873385E-2420-4CBC-B97B-AF2E35143699}.Release|Any CPU.Build.0 = Release|Any CPU
		{4AD6B46D-7703-49F8-ACB2-CF17A7EF2F95}.Debug|Any CPU.ActiveCfg = Debug|Any CPU
		{4AD6B46D-7703-49F8-ACB2-CF17A7EF2F95}.Debug|Any CPU.Build.0 = Debug|Any CPU
		{4AD6B46D-7703-49F8-ACB2-CF17A7EF2F95}.Release|Any CPU.ActiveCfg = Release|Any CPU
		{4AD6B46D-7703-49F8-ACB2-CF17A7EF2F95}.Release|Any CPU.Build.0 = Release|Any CPU
		{FE745CA9-7C0A-4FFF-9EE2-152660D7AB13}.Debug|Any CPU.ActiveCfg = Debug|Any CPU
		{FE745CA9-7C0A-4FFF-9EE2-152660D7AB13}.Debug|Any CPU.Build.0 = Debug|Any CPU
		{FE745CA9-7C0A-4FFF-9EE2-152660D7AB13}.Release|Any CPU.ActiveCfg = Release|Any CPU
		{FE745CA9-7C0A-4FFF-9EE2-152660D7AB13}.Release|Any CPU.Build.0 = Release|Any CPU
		{191C0876-C560-49DE-904F-F38A194E5CF9}.Debug|Any CPU.ActiveCfg = Debug|Any CPU
		{191C0876-C560-49DE-904F-F38A194E5CF9}.Debug|Any CPU.Build.0 = Debug|Any CPU
		{191C0876-C560-49DE-904F-F38A194E5CF9}.Release|Any CPU.ActiveCfg = Release|Any CPU
		{191C0876-C560-49DE-904F-F38A194E5CF9}.Release|Any CPU.Build.0 = Release|Any CPU
		{69A56440-0CF5-4AAF-9880-D9F41ADC9BDE}.Debug|Any CPU.ActiveCfg = Debug|Any CPU
		{69A56440-0CF5-4AAF-9880-D9F41ADC9BDE}.Debug|Any CPU.Build.0 = Debug|Any CPU
		{69A56440-0CF5-4AAF-9880-D9F41ADC9BDE}.Release|Any CPU.ActiveCfg = Release|Any CPU
		{69A56440-0CF5-4AAF-9880-D9F41ADC9BDE}.Release|Any CPU.Build.0 = Release|Any CPU
		{9E506A83-FC31-4196-859B-E07E76849CA4}.Debug|Any CPU.ActiveCfg = Debug|Any CPU
		{9E506A83-FC31-4196-859B-E07E76849CA4}.Debug|Any CPU.Build.0 = Debug|Any CPU
		{9E506A83-FC31-4196-859B-E07E76849CA4}.Release|Any CPU.ActiveCfg = Release|Any CPU
		{9E506A83-FC31-4196-859B-E07E76849CA4}.Release|Any CPU.Build.0 = Release|Any CPU
		{E79BF396-95DD-4A50-BFAC-513A9790A45A}.Debug|Any CPU.ActiveCfg = Debug|Any CPU
		{E79BF396-95DD-4A50-BFAC-513A9790A45A}.Debug|Any CPU.Build.0 = Debug|Any CPU
		{E79BF396-95DD-4A50-BFAC-513A9790A45A}.Release|Any CPU.ActiveCfg = Release|Any CPU
		{E79BF396-95DD-4A50-BFAC-513A9790A45A}.Release|Any CPU.Build.0 = Release|Any CPU
	EndGlobalSection
	GlobalSection(SolutionProperties) = preSolution
		HideSolutionNode = FALSE
	EndGlobalSection
	GlobalSection(ExtensibilityGlobals) = postSolution
		SolutionGuid = {C9C01096-A940-4DAD-9711-930AEA78A2E3}
	EndGlobalSection
EndGlobal
